
Microsoft Visual Studio Solution File, Format Version 12.00
# Visual Studio Version 17
VisualStudioVersion = 17.4.33110.190
MinimumVisualStudioVersion = 10.0.40219.1
Project("{FAE04EC0-301F-11D3-BF4B-00C04F79EFBC}") = "ASM", "ASM\ASM.csproj", "{6B98FE99-A3F7-4802-93C2-B8FE6049BCC2}"
EndProject
Global
	GlobalSection(SolutionConfigurationPlatforms) = preSolution
		Debug|Any CPU = Debug|Any CPU
		Release|Any CPU = Release|Any CPU
	EndGlobalSection
	GlobalSection(ProjectConfigurationPlatforms) = postSolution
		{6B98FE99-A3F7-4802-93C2-B8FE6049BCC2}.Debug|Any CPU.ActiveCfg = Debug|Any CPU
		{6B98FE99-A3F7-4802-93C2-B8FE6049BCC2}.Debug|Any CPU.Build.0 = Debug|Any CPU
		{6B98FE99-A3F7-4802-93C2-B8FE6049BCC2}.Release|Any CPU.ActiveCfg = Release|Any CPU
		{6B98FE99-A3F7-4802-93C2-B8FE6049BCC2}.Release|Any CPU.Build.0 = Release|Any CPU
	EndGlobalSection
	GlobalSection(SolutionProperties) = preSolution
		HideSolutionNode = FALSE
	EndGlobalSection
	GlobalSection(ExtensibilityGlobals) = postSolution
		SolutionGuid = {5E54DB89-1715-4C85-AAC0-DAE525684AC7}
	EndGlobalSection
EndGlobal
